
Microsoft Visual Studio Solution File, Format Version 12.00
# Visual Studio Version 16
VisualStudioVersion = 16.0.30503.244
MinimumVisualStudioVersion = 10.0.40219.1
Project("{FAE04EC0-301F-11D3-BF4B-00C04F79EFBC}") = "PasswordGenerator", "PasswordGenerator.csproj", "{BEE2DD0A-A24A-402F-B976-11BBCAA6CB1F}"
EndProject
Global
	GlobalSection(SolutionConfigurationPlatforms) = preSolution
		Debug|Any CPU = Debug|Any CPU
		Release|Any CPU = Release|Any CPU
	EndGlobalSection
	GlobalSection(ProjectConfigurationPlatforms) = postSolution
		{BEE2DD0A-A24A-402F-B976-11BBCAA6CB1F}.Debug|Any CPU.ActiveCfg = Debug|Any CPU
		{BEE2DD0A-A24A-402F-B976-11BBCAA6CB1F}.Debug|Any CPU.Build.0 = Debug|Any CPU
		{BEE2DD0A-A24A-402F-B976-11BBCAA6CB1F}.Release|Any CPU.ActiveCfg = Release|Any CPU
		{BEE2DD0A-A24A-402F-B976-11BBCAA6CB1F}.Release|Any CPU.Build.0 = Release|Any CPU
	EndGlobalSection
	GlobalSection(SolutionProperties) = preSolution
		HideSolutionNode = FALSE
	EndGlobalSection
	GlobalSection(ExtensibilityGlobals) = postSolution
		SolutionGuid = {16F474CF-6DB8-4ECF-982B-3D2CC80EC437}
	EndGlobalSection
EndGlobal
